// !$*UTF8*$!
{
	archiveVersion = 1;
	classes = {
	};
	objectVersion = 46;
	objects = {

/* Begin PBXBuildFile section */
		AF54BF5A1BA3586F002C8E2E /* AppDelegate.swift in Sources */ = {isa = PBXBuildFile; fileRef = AF54BF591BA3586F002C8E2E /* AppDelegate.swift */; };
		AF54BF5C1BA3586F002C8E2E /* ViewController.swift in Sources */ = {isa = PBXBuildFile; fileRef = AF54BF5B1BA3586F002C8E2E /* ViewController.swift */; };
		AF54BF5F1BA3586F002C8E2E /* Main.storyboard in Resources */ = {isa = PBXBuildFile; fileRef = AF54BF5D1BA3586F002C8E2E /* Main.storyboard */; };
		AF54BF611BA3586F002C8E2E /* Images.xcassets in Resources */ = {isa = PBXBuildFile; fileRef = AF54BF601BA3586F002C8E2E /* Images.xcassets */; };
		AF54BF641BA3586F002C8E2E /* LaunchScreen.xib in Resources */ = {isa = PBXBuildFile; fileRef = AF54BF621BA3586F002C8E2E /* LaunchScreen.xib */; };
		AF54BF701BA3586F002C8E2E /* CounterTests.swift in Sources */ = {isa = PBXBuildFile; fileRef = AF54BF6F1BA3586F002C8E2E /* CounterTests.swift */; };
/* End PBXBuildFile section */

/* Begin PBXContainerItemProxy section */
		AF54BF6A1BA3586F002C8E2E /* PBXContainerItemProxy */ = {
			isa = PBXContainerItemProxy;
			containerPortal = AF54BF4C1BA3586F002C8E2E /* Project object */;
			proxyType = 1;
			remoteGlobalIDString = AF54BF531BA3586F002C8E2E;
			remoteInfo = Counter;
		};
/* End PBXContainerItemProxy section */

/* Begin PBXFileReference section */
		AF54BF541BA3586F002C8E2E /* Counter.app */ = {isa = PBXFileReference; explicitFileType = wrapper.application; includeInIndex = 0; path = Counter.app; sourceTree = BUILT_PRODUCTS_DIR; };
		AF54BF581BA3586F002C8E2E /* Info.plist */ = {isa = PBXFileReference; lastKnownFileType = text.plist.xml; path = Info.plist; sourceTree = "<group>"; };
		AF54BF591BA3586F002C8E2E /* AppDelegate.swift */ = {isa = PBXFileReference; lastKnownFileType = sourcecode.swift; path = AppDelegate.swift; sourceTree = "<group>"; };
		AF54BF5B1BA3586F002C8E2E /* ViewController.swift */ = {isa = PBXFileReference; lastKnownFileType = sourcecode.swift; path = ViewController.swift; sourceTree = "<group>"; };
		AF54BF5E1BA3586F002C8E2E /* Base */ = {isa = PBXFileReference; lastKnownFileType = file.storyboard; name = Base; path = Base.lproj/Main.storyboard; sourceTree = "<group>"; };
		AF54BF601BA3586F002C8E2E /* Images.xcassets */ = {isa = PBXFileReference; lastKnownFileType = folder.assetcatalog; path = Images.xcassets; sourceTree = "<group>"; };
		AF54BF631BA3586F002C8E2E /* Base */ = {isa = PBXFileReference; lastKnownFileType = file.xib; name = Base; path = Base.lproj/LaunchScreen.xib; sourceTree = "<group>"; };
		AF54BF691BA3586F002C8E2E /* CounterTests.xctest */ = {isa = PBXFileReference; explicitFileType = wrapper.cfbundle; includeInIndex = 0; path = CounterTests.xctest; sourceTree = BUILT_PRODUCTS_DIR; };
		AF54BF6E1BA3586F002C8E2E /* Info.plist */ = {isa = PBXFileReference; lastKnownFileType = text.plist.xml; path = Info.plist; sourceTree = "<group>"; };
		AF54BF6F1BA3586F002C8E2E /* CounterTests.swift */ = {isa = PBXFileReference; lastKnownFileType = sourcecode.swift; path = CounterTests.swift; sourceTree = "<group>"; };
/* End PBXFileReference section */

/* Begin PBXFrameworksBuildPhase section */
		AF54BF511BA3586F002C8E2E /* Frameworks */ = {
			isa = PBXFrameworksBuildPhase;
			buildActionMask = 2147483647;
			files = (
			);
			runOnlyForDeploymentPostprocessing = 0;
		};
		AF54BF661BA3586F002C8E2E /* Frameworks */ = {
			isa = PBXFrameworksBuildPhase;
			buildActionMask = 2147483647;
			files = (
			);
			runOnlyForDeploymentPostprocessing = 0;
		};
/* End PBXFrameworksBuildPhase section */

/* Begin PBXGroup section */
		AF54BF4B1BA3586F002C8E2E = {
			isa = PBXGroup;
			children = (
				AF54BF561BA3586F002C8E2E /* Counter */,
				AF54BF6C1BA3586F002C8E2E /* CounterTests */,
				AF54BF551BA3586F002C8E2E /* Products */,
			);
			sourceTree = "<group>";
		};
		AF54BF551BA3586F002C8E2E /* Products */ = {
			isa = PBXGroup;
			children = (
				AF54BF541BA3586F002C8E2E /* Counter.app */,
				AF54BF691BA3586F002C8E2E /* CounterTests.xctest */,
			);
			name = Products;
			sourceTree = "<group>";
		};
		AF54BF561BA3586F002C8E2E /* Counter */ = {
			isa = PBXGroup;
			children = (
				AF54BF591BA3586F002C8E2E /* AppDelegate.swift */,
				AF54BF5B1BA3586F002C8E2E /* ViewController.swift */,
				AF54BF5D1BA3586F002C8E2E /* Main.storyboard */,
				AF54BF601BA3586F002C8E2E /* Images.xcassets */,
				AF54BF621BA3586F002C8E2E /* LaunchScreen.xib */,
				AF54BF571BA3586F002C8E2E /* Supporting Files */,
			);
			path = Counter;
			sourceTree = "<group>";
		};
		AF54BF571BA3586F002C8E2E /* Supporting Files */ = {
			isa = PBXGroup;
			children = (
				AF54BF581BA3586F002C8E2E /* Info.plist */,
			);
			name = "Supporting Files";
			sourceTree = "<group>";
		};
		AF54BF6C1BA3586F002C8E2E /* CounterTests */ = {
			isa = PBXGroup;
			children = (
				AF54BF6F1BA3586F002C8E2E /* CounterTests.swift */,
				AF54BF6D1BA3586F002C8E2E /* Supporting Files */,
			);
			path = CounterTests;
			sourceTree = "<group>";
		};
		AF54BF6D1BA3586F002C8E2E /* Supporting Files */ = {
			isa = PBXGroup;
			children = (
				AF54BF6E1BA3586F002C8E2E /* Info.plist */,
			);
			name = "Supporting Files";
			sourceTree = "<group>";
		};
/* End PBXGroup section */

/* Begin PBXNativeTarget section */
		AF54BF531BA3586F002C8E2E /* Counter */ = {
			isa = PBXNativeTarget;
			buildConfigurationList = AF54BF731BA3586F002C8E2E /* Build configuration list for PBXNativeTarget "Counter" */;
			buildPhases = (
				AF54BF501BA3586F002C8E2E /* Sources */,
				AF54BF511BA3586F002C8E2E /* Frameworks */,
				AF54BF521BA3586F002C8E2E /* Resources */,
			);
			buildRules = (
			);
			dependencies = (
			);
			name = Counter;
			productName = Counter;
			productReference = AF54BF541BA3586F002C8E2E /* Counter.app */;
			productType = "com.apple.product-type.application";
		};
		AF54BF681BA3586F002C8E2E /* CounterTests */ = {
			isa = PBXNativeTarget;
			buildConfigurationList = AF54BF761BA3586F002C8E2E /* Build configuration list for PBXNativeTarget "CounterTests" */;
			buildPhases = (
				AF54BF651BA3586F002C8E2E /* Sources */,
				AF54BF661BA3586F002C8E2E /* Frameworks */,
				AF54BF671BA3586F002C8E2E /* Resources */,
			);
			buildRules = (
			);
			dependencies = (
				AF54BF6B1BA3586F002C8E2E /* PBXTargetDependency */,
			);
			name = CounterTests;
			productName = CounterTests;
			productReference = AF54BF691BA3586F002C8E2E /* CounterTests.xctest */;
			productType = "com.apple.product-type.bundle.unit-test";
		};
/* End PBXNativeTarget section */

/* Begin PBXProject section */
		AF54BF4C1BA3586F002C8E2E /* Project object */ = {
			isa = PBXProject;
			attributes = {
				LastUpgradeCheck = 0640;
				ORGANIZATIONNAME = Thiago;
				TargetAttributes = {
					AF54BF531BA3586F002C8E2E = {
						CreatedOnToolsVersion = 6.4;
					};
					AF54BF681BA3586F002C8E2E = {
						CreatedOnToolsVersion = 6.4;
						TestTargetID = AF54BF531BA3586F002C8E2E;
					};
				};
			};
			buildConfigurationList = AF54BF4F1BA3586F002C8E2E /* Build configuration list for PBXProject "Counter" */;
			compatibilityVersion = "Xcode 3.2";
			developmentRegion = English;
			hasScannedForEncodings = 0;
			knownRegions = (
				en,
				Base,
			);
			mainGroup = AF54BF4B1BA3586F002C8E2E;
			productRefGroup = AF54BF551BA3586F002C8E2E /* Products */;
			projectDirPath = "";
			projectRoot = "";
			targets = (
				AF54BF531BA3586F002C8E2E /* Counter */,
				AF54BF681BA3586F002C8E2E /* CounterTests */,
			);
		};
/* End PBXProject section */

/* Begin PBXResourcesBuildPhase section */
		AF54BF521BA3586F002C8E2E /* Resources */ = {
			isa = PBXResourcesBuildPhase;
			buildActionMask = 2147483647;
			files = (
				AF54BF5F1BA3586F002C8E2E /* Main.storyboard in Resources */,
				AF54BF641BA3586F002C8E2E /* LaunchScreen.xib in Resources */,
				AF54BF611BA3586F002C8E2E /* Images.xcassets in Resources */,
			);
			runOnlyForDeploymentPostprocessing = 0;
		};
		AF54BF671BA3586F002C8E2E /* Resources */ = {
			isa = PBXResourcesBuildPhase;
			buildActionMask = 2147483647;
			files = (
			);
			runOnlyForDeploymentPostprocessing = 0;
		};
/* End PBXResourcesBuildPhase section */

/* Begin PBXSourcesBuildPhase section */
		AF54BF501BA3586F002C8E2E /* Sources */ = {
			isa = PBXSourcesBuildPhase;
			buildActionMask = 2147483647;
			files = (
				AF54BF5C1BA3586F002C8E2E /* ViewController.swift in Sources */,
				AF54BF5A1BA3586F002C8E2E /* AppDelegate.swift in Sources */,
			);
			runOnlyForDeploymentPostprocessing = 0;
		};
		AF54BF651BA3586F002C8E2E /* Sources */ = {
			isa = PBXSourcesBuildPhase;
			buildActionMask = 2147483647;
			files = (
				AF54BF701BA3586F002C8E2E /* CounterTests.swift in Sources */,
			);
			runOnlyForDeploymentPostprocessing = 0;
		};
/* End PBXSourcesBuildPhase section */

/* Begin PBXTargetDependency section */
		AF54BF6B1BA3586F002C8E2E /* PBXTargetDependency */ = {
			isa = PBXTargetDependency;
			target = AF54BF531BA3586F002C8E2E /* Counter */;
			targetProxy = AF54BF6A1BA3586F002C8E2E /* PBXContainerItemProxy */;
		};
/* End PBXTargetDependency section */

/* Begin PBXVariantGroup section */
		AF54BF5D1BA3586F002C8E2E /* Main.storyboard */ = {
			isa = PBXVariantGroup;
			children = (
				AF54BF5E1BA3586F002C8E2E /* Base */,
			);
			name = Main.storyboard;
			sourceTree = "<group>";
		};
		AF54BF621BA3586F002C8E2E /* LaunchScreen.xib */ = {
			isa = PBXVariantGroup;
			children = (
				AF54BF631BA3586F002C8E2E /* Base */,
			);
			name = LaunchScreen.xib;
			sourceTree = "<group>";
		};
/* End PBXVariantGroup section */

/* Begin XCBuildConfiguration section */
		AF54BF711BA3586F002C8E2E /* Debug */ = {
			isa = XCBuildConfiguration;
			buildSettings = {
				ALWAYS_SEARCH_USER_PATHS = NO;
				CLANG_CXX_LANGUAGE_STANDARD = "gnu++0x";
				CLANG_CXX_LIBRARY = "libc++";
				CLANG_ENABLE_MODULES = YES;
				CLANG_ENABLE_OBJC_ARC = YES;
				CLANG_WARN_BOOL_CONVERSION = YES;
				CLANG_WARN_CONSTANT_CONVERSION = YES;
				CLANG_WARN_DIRECT_OBJC_ISA_USAGE = YES_ERROR;
				CLANG_WARN_EMPTY_BODY = YES;
				CLANG_WARN_ENUM_CONVERSION = YES;
				CLANG_WARN_INT_CONVERSION = YES;
				CLANG_WARN_OBJC_ROOT_CLASS = YES_ERROR;
				CLANG_WARN_UNREACHABLE_CODE = YES;
				CLANG_WARN__DUPLICATE_METHOD_MATCH = YES;
				"CODE_SIGN_IDENTITY[sdk=iphoneos*]" = "iPhone Developer";
				COPY_PHASE_STRIP = NO;
				DEBUG_INFORMATION_FORMAT = "dwarf-with-dsym";
				ENABLE_STRICT_OBJC_MSGSEND = YES;
				GCC_C_LANGUAGE_STANDARD = gnu99;
				GCC_DYNAMIC_NO_PIC = NO;
				GCC_NO_COMMON_BLOCKS = YES;
				GCC_OPTIMIZATION_LEVEL = 0;
				GCC_PREPROCESSOR_DEFINITIONS = (
					"DEBUG=1",
					"$(inherited)",
				);
				GCC_SYMBOLS_PRIVATE_EXTERN = NO;
				GCC_WARN_64_TO_32_BIT_CONVERSION = YES;
				GCC_WARN_ABOUT_RETURN_TYPE = YES_ERROR;
				GCC_WARN_UNDECLARED_SELECTOR = YES;
				GCC_WARN_UNINITIALIZED_AUTOS = YES_AGGRESSIVE;
				GCC_WARN_UNUSED_FUNCTION = YES;
				GCC_WARN_UNUSED_VARIABLE = YES;
				IPHONEOS_DEPLOYMENT_TARGET = 8.4;
				MTL_ENABLE_DEBUG_INFO = YES;
				ONLY_ACTIVE_ARCH = YES;
				SDKROOT = iphoneos;
				SWIFT_OPTIMIZATION_LEVEL = "-Onone";
			};
			name = Debug;
		};
		AF54BF721BA3586F002C8E2E /* Release */ = {
			isa = XCBuildConfiguration;
			buildSettings = {
				ALWAYS_SEARCH_USER_PATHS = NO;
				CLANG_CXX_LANGUAGE_STANDARD = "gnu++0x";
				CLANG_CXX_LIBRARY = "libc++";
				CLANG_ENABLE_MODULES = YES;
				CLANG_ENABLE_OBJC_ARC = YES;
				CLANG_WARN_BOOL_CONVERSION = YES;
				CLANG_WARN_CONSTANT_CONVERSION = YES;
				CLANG_WARN_DIRECT_OBJC_ISA_USAGE = YES_ERROR;
				CLANG_WARN_EMPTY_BODY = YES;
				CLANG_WARN_ENUM_CONVERSION = YES;
				CLANG_WARN_INT_CONVERSION = YES;
				CLANG_WARN_OBJC_ROOT_CLASS = YES_ERROR;
				CLANG_WARN_UNREACHABLE_CODE = YES;
				CLANG_WARN__DUPLICATE_METHOD_MATCH = YES;
				"CODE_SIGN_IDENTITY[sdk=iphoneos*]" = "iPhone Developer";
				COPY_PHASE_STRIP = NO;
				DEBUG_INFORMATION_FORMAT = "dwarf-with-dsym";
				ENABLE_NS_ASSERTIONS = NO;
				ENABLE_STRICT_OBJC_MSGSEND = YES;
				GCC_C_LANGUAGE_STANDARD = gnu99;
				GCC_NO_COMMON_BLOCKS = YES;
				GCC_WARN_64_TO_32_BIT_CONVERSION = YES;
				GCC_WARN_ABOUT_RETURN_TYPE = YES_ERROR;
				GCC_WARN_UNDECLARED_SELECTOR = YES;
				GCC_WARN_UNINITIALIZED_AUTOS = YES_AGGRESSIVE;
				GCC_WARN_UNUSED_FUNCTION = YES;
				GCC_WARN_UNUSED_VARIABLE = YES;
				IPHONEOS_DEPLOYMENT_TARGET = 8.4;
				MTL_ENABLE_DEBUG_INFO = NO;
				SDKROOT = iphoneos;
				VALIDATE_PRODUCT = YES;
			};
			name = Release;
		};
		AF54BF741BA3586F002C8E2E /* Debug */ = {
			isa = XCBuildConfiguration;
			buildSettings = {
				ASSETCATALOG_COMPILER_APPICON_NAME = AppIcon;
				INFOPLIST_FILE = Counter/Info.plist;
				LD_RUNPATH_SEARCH_PATHS = "$(inherited) @executable_path/Frameworks";
				PRODUCT_NAME = "$(TARGET_NAME)";
			};
			name = Debug;
		};
		AF54BF751BA3586F002C8E2E /* Release */ = {
			isa = XCBuildConfiguration;
			buildSettings = {
				ASSETCATALOG_COMPILER_APPICON_NAME = AppIcon;
				INFOPLIST_FILE = Counter/Info.plist;
				LD_RUNPATH_SEARCH_PATHS = "$(inherited) @executable_path/Frameworks";
				PRODUCT_NAME = "$(TARGET_NAME)";
			};
			name = Release;
		};
		AF54BF771BA3586F002C8E2E /* Debug */ = {
			isa = XCBuildConfiguration;
			buildSettings = {
				BUNDLE_LOADER = "$(TEST_HOST)";
				FRAMEWORK_SEARCH_PATHS = (
					"$(SDKROOT)/Developer/Library/Frameworks",
					"$(inherited)",
				);
				GCC_PREPROCESSOR_DEFINITIONS = (
					"DEBUG=1",
					"$(inherited)",
				);
				INFOPLIST_FILE = CounterTests/Info.plist;
				LD_RUNPATH_SEARCH_PATHS = "$(inherited) @executable_path/Frameworks @loader_path/Frameworks";
				PRODUCT_NAME = "$(TARGET_NAME)";
				TEST_HOST = "$(BUILT_PRODUCTS_DIR)/Counter.app/Counter";
			};
			name = Debug;
		};
		AF54BF781BA3586F002C8E2E /* Release */ = {
			isa = XCBuildConfiguration;
			buildSettings = {
				BUNDLE_LOADER = "$(TEST_HOST)";
				FRAMEWORK_SEARCH_PATHS = (
					"$(SDKROOT)/Developer/Library/Frameworks",
					"$(inherited)",
				);
				INFOPLIST_FILE = CounterTests/Info.plist;
				LD_RUNPATH_SEARCH_PATHS = "$(inherited) @executable_path/Frameworks @loader_path/Frameworks";
				PRODUCT_NAME = "$(TARGET_NAME)";
				TEST_HOST = "$(BUILT_PRODUCTS_DIR)/Counter.app/Counter";
			};
			name = Release;
		};
/* End XCBuildConfiguration section */

/* Begin XCConfigurationList section */
		AF54BF4F1BA3586F002C8E2E /* Build configuration list for PBXProject "Counter" */ = {
			isa = XCConfigurationList;
			buildConfigurations = (
				AF54BF711BA3586F002C8E2E /* Debug */,
				AF54BF721BA3586F002C8E2E /* Release */,
			);
			defaultConfigurationIsVisible = 0;
			defaultConfigurationName = Release;
		};
		AF54BF731BA3586F002C8E2E /* Build configuration list for PBXNativeTarget "Counter" */ = {
			isa = XCConfigurationList;
			buildConfigurations = (
				AF54BF741BA3586F002C8E2E /* Debug */,
				AF54BF751BA3586F002C8E2E /* Release */,
			);
			defaultConfigurationIsVisible = 0;
		};
		AF54BF761BA3586F002C8E2E /* Build configuration list for PBXNativeTarget "CounterTests" */ = {
			isa = XCConfigurationList;
			buildConfigurations = (
				AF54BF771BA3586F002C8E2E /* Debug */,
				AF54BF781BA3586F002C8E2E /* Release */,
			);
			defaultConfigurationIsVisible = 0;
		};
/* End XCConfigurationList section */
	};
	rootObject = AF54BF4C1BA3586F002C8E2E /* Project object */;
}
