// !$*UTF8*$!
{
	archiveVersion = 1;
	classes = {
	};
	objectVersion = 46;
	objects = {

/* Begin PBXBuildFile section */
		AF54BEF61BA3479C002C8E2E /* main.m in Sources */ = {isa = PBXBuildFile; fileRef = AF54BEF51BA3479C002C8E2E /* main.m */; };
		AF54BEF91BA3479C002C8E2E /* AppDelegate.m in Sources */ = {isa = PBXBuildFile; fileRef = AF54BEF81BA3479C002C8E2E /* AppDelegate.m */; };
		AF54BEFC1BA3479C002C8E2E /* ViewController.m in Sources */ = {isa = PBXBuildFile; fileRef = AF54BEFB1BA3479C002C8E2E /* ViewController.m */; };
		AF54BEFF1BA3479C002C8E2E /* Main.storyboard in Resources */ = {isa = PBXBuildFile; fileRef = AF54BEFD1BA3479C002C8E2E /* Main.storyboard */; };
		AF54BF011BA3479C002C8E2E /* Images.xcassets in Resources */ = {isa = PBXBuildFile; fileRef = AF54BF001BA3479C002C8E2E /* Images.xcassets */; };
		AF54BF041BA3479C002C8E2E /* LaunchScreen.xib in Resources */ = {isa = PBXBuildFile; fileRef = AF54BF021BA3479C002C8E2E /* LaunchScreen.xib */; };
		AF54BF101BA3479C002C8E2E /* CounterTests.m in Sources */ = {isa = PBXBuildFile; fileRef = AF54BF0F1BA3479C002C8E2E /* CounterTests.m */; };
/* End PBXBuildFile section */

/* Begin PBXContainerItemProxy section */
		AF54BF0A1BA3479C002C8E2E /* PBXContainerItemProxy */ = {
			isa = PBXContainerItemProxy;
			containerPortal = AF54BEE81BA3479C002C8E2E /* Project object */;
			proxyType = 1;
			remoteGlobalIDString = AF54BEEF1BA3479C002C8E2E;
			remoteInfo = Counter;
		};
/* End PBXContainerItemProxy section */

/* Begin PBXFileReference section */
		AF54BEF01BA3479C002C8E2E /* Counter.app */ = {isa = PBXFileReference; explicitFileType = wrapper.application; includeInIndex = 0; path = Counter.app; sourceTree = BUILT_PRODUCTS_DIR; };
		AF54BEF41BA3479C002C8E2E /* Info.plist */ = {isa = PBXFileReference; lastKnownFileType = text.plist.xml; path = Info.plist; sourceTree = "<group>"; };
		AF54BEF51BA3479C002C8E2E /* main.m */ = {isa = PBXFileReference; lastKnownFileType = sourcecode.c.objc; path = main.m; sourceTree = "<group>"; };
		AF54BEF71BA3479C002C8E2E /* AppDelegate.h */ = {isa = PBXFileReference; lastKnownFileType = sourcecode.c.h; path = AppDelegate.h; sourceTree = "<group>"; };
		AF54BEF81BA3479C002C8E2E /* AppDelegate.m */ = {isa = PBXFileReference; lastKnownFileType = sourcecode.c.objc; path = AppDelegate.m; sourceTree = "<group>"; };
		AF54BEFA1BA3479C002C8E2E /* ViewController.h */ = {isa = PBXFileReference; lastKnownFileType = sourcecode.c.h; path = ViewController.h; sourceTree = "<group>"; };
		AF54BEFB1BA3479C002C8E2E /* ViewController.m */ = {isa = PBXFileReference; lastKnownFileType = sourcecode.c.objc; path = ViewController.m; sourceTree = "<group>"; };
		AF54BEFE1BA3479C002C8E2E /* Base */ = {isa = PBXFileReference; lastKnownFileType = file.storyboard; name = Base; path = Base.lproj/Main.storyboard; sourceTree = "<group>"; };
		AF54BF001BA3479C002C8E2E /* Images.xcassets */ = {isa = PBXFileReference; lastKnownFileType = folder.assetcatalog; path = Images.xcassets; sourceTree = "<group>"; };
		AF54BF031BA3479C002C8E2E /* Base */ = {isa = PBXFileReference; lastKnownFileType = file.xib; name = Base; path = Base.lproj/LaunchScreen.xib; sourceTree = "<group>"; };
		AF54BF091BA3479C002C8E2E /* CounterTests.xctest */ = {isa = PBXFileReference; explicitFileType = wrapper.cfbundle; includeInIndex = 0; path = CounterTests.xctest; sourceTree = BUILT_PRODUCTS_DIR; };
		AF54BF0E1BA3479C002C8E2E /* Info.plist */ = {isa = PBXFileReference; lastKnownFileType = text.plist.xml; path = Info.plist; sourceTree = "<group>"; };
		AF54BF0F1BA3479C002C8E2E /* CounterTests.m */ = {isa = PBXFileReference; lastKnownFileType = sourcecode.c.objc; path = CounterTests.m; sourceTree = "<group>"; };
/* End PBXFileReference section */

/* Begin PBXFrameworksBuildPhase section */
		AF54BEED1BA3479C002C8E2E /* Frameworks */ = {
			isa = PBXFrameworksBuildPhase;
			buildActionMask = 2147483647;
			files = (
			);
			runOnlyForDeploymentPostprocessing = 0;
		};
		AF54BF061BA3479C002C8E2E /* Frameworks */ = {
			isa = PBXFrameworksBuildPhase;
			buildActionMask = 2147483647;
			files = (
			);
			runOnlyForDeploymentPostprocessing = 0;
		};
/* End PBXFrameworksBuildPhase section */

/* Begin PBXGroup section */
		AF54BEE71BA3479C002C8E2E = {
			isa = PBXGroup;
			children = (
				AF54BEF21BA3479C002C8E2E /* Counter */,
				AF54BF0C1BA3479C002C8E2E /* CounterTests */,
				AF54BEF11BA3479C002C8E2E /* Products */,
			);
			sourceTree = "<group>";
		};
		AF54BEF11BA3479C002C8E2E /* Products */ = {
			isa = PBXGroup;
			children = (
				AF54BEF01BA3479C002C8E2E /* Counter.app */,
				AF54BF091BA3479C002C8E2E /* CounterTests.xctest */,
			);
			name = Products;
			sourceTree = "<group>";
		};
		AF54BEF21BA3479C002C8E2E /* Counter */ = {
			isa = PBXGroup;
			children = (
				AF54BEF71BA3479C002C8E2E /* AppDelegate.h */,
				AF54BEF81BA3479C002C8E2E /* AppDelegate.m */,
				AF54BEFA1BA3479C002C8E2E /* ViewController.h */,
				AF54BEFB1BA3479C002C8E2E /* ViewController.m */,
				AF54BEFD1BA3479C002C8E2E /* Main.storyboard */,
				AF54BF001BA3479C002C8E2E /* Images.xcassets */,
				AF54BF021BA3479C002C8E2E /* LaunchScreen.xib */,
				AF54BEF31BA3479C002C8E2E /* Supporting Files */,
			);
			path = Counter;
			sourceTree = "<group>";
		};
		AF54BEF31BA3479C002C8E2E /* Supporting Files */ = {
			isa = PBXGroup;
			children = (
				AF54BEF41BA3479C002C8E2E /* Info.plist */,
				AF54BEF51BA3479C002C8E2E /* main.m */,
			);
			name = "Supporting Files";
			sourceTree = "<group>";
		};
		AF54BF0C1BA3479C002C8E2E /* CounterTests */ = {
			isa = PBXGroup;
			children = (
				AF54BF0F1BA3479C002C8E2E /* CounterTests.m */,
				AF54BF0D1BA3479C002C8E2E /* Supporting Files */,
			);
			path = CounterTests;
			sourceTree = "<group>";
		};
		AF54BF0D1BA3479C002C8E2E /* Supporting Files */ = {
			isa = PBXGroup;
			children = (
				AF54BF0E1BA3479C002C8E2E /* Info.plist */,
			);
			name = "Supporting Files";
			sourceTree = "<group>";
		};
/* End PBXGroup section */

/* Begin PBXNativeTarget section */
		AF54BEEF1BA3479C002C8E2E /* Counter */ = {
			isa = PBXNativeTarget;
			buildConfigurationList = AF54BF131BA3479C002C8E2E /* Build configuration list for PBXNativeTarget "Counter" */;
			buildPhases = (
				AF54BEEC1BA3479C002C8E2E /* Sources */,
				AF54BEED1BA3479C002C8E2E /* Frameworks */,
				AF54BEEE1BA3479C002C8E2E /* Resources */,
			);
			buildRules = (
			);
			dependencies = (
			);
			name = Counter;
			productName = Counter;
			productReference = AF54BEF01BA3479C002C8E2E /* Counter.app */;
			productType = "com.apple.product-type.application";
		};
		AF54BF081BA3479C002C8E2E /* CounterTests */ = {
			isa = PBXNativeTarget;
			buildConfigurationList = AF54BF161BA3479C002C8E2E /* Build configuration list for PBXNativeTarget "CounterTests" */;
			buildPhases = (
				AF54BF051BA3479C002C8E2E /* Sources */,
				AF54BF061BA3479C002C8E2E /* Frameworks */,
				AF54BF071BA3479C002C8E2E /* Resources */,
			);
			buildRules = (
			);
			dependencies = (
				AF54BF0B1BA3479C002C8E2E /* PBXTargetDependency */,
			);
			name = CounterTests;
			productName = CounterTests;
			productReference = AF54BF091BA3479C002C8E2E /* CounterTests.xctest */;
			productType = "com.apple.product-type.bundle.unit-test";
		};
/* End PBXNativeTarget section */

/* Begin PBXProject section */
		AF54BEE81BA3479C002C8E2E /* Project object */ = {
			isa = PBXProject;
			attributes = {
				LastUpgradeCheck = 0640;
				ORGANIZATIONNAME = Thiago;
				TargetAttributes = {
					AF54BEEF1BA3479C002C8E2E = {
						CreatedOnToolsVersion = 6.4;
					};
					AF54BF081BA3479C002C8E2E = {
						CreatedOnToolsVersion = 6.4;
						TestTargetID = AF54BEEF1BA3479C002C8E2E;
					};
				};
			};
			buildConfigurationList = AF54BEEB1BA3479C002C8E2E /* Build configuration list for PBXProject "Counter" */;
			compatibilityVersion = "Xcode 3.2";
			developmentRegion = English;
			hasScannedForEncodings = 0;
			knownRegions = (
				en,
				Base,
			);
			mainGroup = AF54BEE71BA3479C002C8E2E;
			productRefGroup = AF54BEF11BA3479C002C8E2E /* Products */;
			projectDirPath = "";
			projectRoot = "";
			targets = (
				AF54BEEF1BA3479C002C8E2E /* Counter */,
				AF54BF081BA3479C002C8E2E /* CounterTests */,
			);
		};
/* End PBXProject section */

/* Begin PBXResourcesBuildPhase section */
		AF54BEEE1BA3479C002C8E2E /* Resources */ = {
			isa = PBXResourcesBuildPhase;
			buildActionMask = 2147483647;
			files = (
				AF54BEFF1BA3479C002C8E2E /* Main.storyboard in Resources */,
				AF54BF041BA3479C002C8E2E /* LaunchScreen.xib in Resources */,
				AF54BF011BA3479C002C8E2E /* Images.xcassets in Resources */,
			);
			runOnlyForDeploymentPostprocessing = 0;
		};
		AF54BF071BA3479C002C8E2E /* Resources */ = {
			isa = PBXResourcesBuildPhase;
			buildActionMask = 2147483647;
			files = (
			);
			runOnlyForDeploymentPostprocessing = 0;
		};
/* End PBXResourcesBuildPhase section */

/* Begin PBXSourcesBuildPhase section */
		AF54BEEC1BA3479C002C8E2E /* Sources */ = {
			isa = PBXSourcesBuildPhase;
			buildActionMask = 2147483647;
			files = (
				AF54BEFC1BA3479C002C8E2E /* ViewController.m in Sources */,
				AF54BEF91BA3479C002C8E2E /* AppDelegate.m in Sources */,
				AF54BEF61BA3479C002C8E2E /* main.m in Sources */,
			);
			runOnlyForDeploymentPostprocessing = 0;
		};
		AF54BF051BA3479C002C8E2E /* Sources */ = {
			isa = PBXSourcesBuildPhase;
			buildActionMask = 2147483647;
			files = (
				AF54BF101BA3479C002C8E2E /* CounterTests.m in Sources */,
			);
			runOnlyForDeploymentPostprocessing = 0;
		};
/* End PBXSourcesBuildPhase section */

/* Begin PBXTargetDependency section */
		AF54BF0B1BA3479C002C8E2E /* PBXTargetDependency */ = {
			isa = PBXTargetDependency;
			target = AF54BEEF1BA3479C002C8E2E /* Counter */;
			targetProxy = AF54BF0A1BA3479C002C8E2E /* PBXContainerItemProxy */;
		};
/* End PBXTargetDependency section */

/* Begin PBXVariantGroup section */
		AF54BEFD1BA3479C002C8E2E /* Main.storyboard */ = {
			isa = PBXVariantGroup;
			children = (
				AF54BEFE1BA3479C002C8E2E /* Base */,
			);
			name = Main.storyboard;
			sourceTree = "<group>";
		};
		AF54BF021BA3479C002C8E2E /* LaunchScreen.xib */ = {
			isa = PBXVariantGroup;
			children = (
				AF54BF031BA3479C002C8E2E /* Base */,
			);
			name = LaunchScreen.xib;
			sourceTree = "<group>";
		};
/* End PBXVariantGroup section */

/* Begin XCBuildConfiguration section */
		AF54BF111BA3479C002C8E2E /* Debug */ = {
			isa = XCBuildConfiguration;
			buildSettings = {
				ALWAYS_SEARCH_USER_PATHS = NO;
				CLANG_CXX_LANGUAGE_STANDARD = "gnu++0x";
				CLANG_CXX_LIBRARY = "libc++";
				CLANG_ENABLE_MODULES = YES;
				CLANG_ENABLE_OBJC_ARC = YES;
				CLANG_WARN_BOOL_CONVERSION = YES;
				CLANG_WARN_CONSTANT_CONVERSION = YES;
				CLANG_WARN_DIRECT_OBJC_ISA_USAGE = YES_ERROR;
				CLANG_WARN_EMPTY_BODY = YES;
				CLANG_WARN_ENUM_CONVERSION = YES;
				CLANG_WARN_INT_CONVERSION = YES;
				CLANG_WARN_OBJC_ROOT_CLASS = YES_ERROR;
				CLANG_WARN_UNREACHABLE_CODE = YES;
				CLANG_WARN__DUPLICATE_METHOD_MATCH = YES;
				"CODE_SIGN_IDENTITY[sdk=iphoneos*]" = "iPhone Developer";
				COPY_PHASE_STRIP = NO;
				DEBUG_INFORMATION_FORMAT = "dwarf-with-dsym";
				ENABLE_STRICT_OBJC_MSGSEND = YES;
				GCC_C_LANGUAGE_STANDARD = gnu99;
				GCC_DYNAMIC_NO_PIC = NO;
				GCC_NO_COMMON_BLOCKS = YES;
				GCC_OPTIMIZATION_LEVEL = 0;
				GCC_PREPROCESSOR_DEFINITIONS = (
					"DEBUG=1",
					"$(inherited)",
				);
				GCC_SYMBOLS_PRIVATE_EXTERN = NO;
				GCC_WARN_64_TO_32_BIT_CONVERSION = YES;
				GCC_WARN_ABOUT_RETURN_TYPE = YES_ERROR;
				GCC_WARN_UNDECLARED_SELECTOR = YES;
				GCC_WARN_UNINITIALIZED_AUTOS = YES_AGGRESSIVE;
				GCC_WARN_UNUSED_FUNCTION = YES;
				GCC_WARN_UNUSED_VARIABLE = YES;
				IPHONEOS_DEPLOYMENT_TARGET = 8.4;
				MTL_ENABLE_DEBUG_INFO = YES;
				ONLY_ACTIVE_ARCH = YES;
				SDKROOT = iphoneos;
			};
			name = Debug;
		};
		AF54BF121BA3479C002C8E2E /* Release */ = {
			isa = XCBuildConfiguration;
			buildSettings = {
				ALWAYS_SEARCH_USER_PATHS = NO;
				CLANG_CXX_LANGUAGE_STANDARD = "gnu++0x";
				CLANG_CXX_LIBRARY = "libc++";
				CLANG_ENABLE_MODULES = YES;
				CLANG_ENABLE_OBJC_ARC = YES;
				CLANG_WARN_BOOL_CONVERSION = YES;
				CLANG_WARN_CONSTANT_CONVERSION = YES;
				CLANG_WARN_DIRECT_OBJC_ISA_USAGE = YES_ERROR;
				CLANG_WARN_EMPTY_BODY = YES;
				CLANG_WARN_ENUM_CONVERSION = YES;
				CLANG_WARN_INT_CONVERSION = YES;
				CLANG_WARN_OBJC_ROOT_CLASS = YES_ERROR;
				CLANG_WARN_UNREACHABLE_CODE = YES;
				CLANG_WARN__DUPLICATE_METHOD_MATCH = YES;
				"CODE_SIGN_IDENTITY[sdk=iphoneos*]" = "iPhone Developer";
				COPY_PHASE_STRIP = NO;
				DEBUG_INFORMATION_FORMAT = "dwarf-with-dsym";
				ENABLE_NS_ASSERTIONS = NO;
				ENABLE_STRICT_OBJC_MSGSEND = YES;
				GCC_C_LANGUAGE_STANDARD = gnu99;
				GCC_NO_COMMON_BLOCKS = YES;
				GCC_WARN_64_TO_32_BIT_CONVERSION = YES;
				GCC_WARN_ABOUT_RETURN_TYPE = YES_ERROR;
				GCC_WARN_UNDECLARED_SELECTOR = YES;
				GCC_WARN_UNINITIALIZED_AUTOS = YES_AGGRESSIVE;
				GCC_WARN_UNUSED_FUNCTION = YES;
				GCC_WARN_UNUSED_VARIABLE = YES;
				IPHONEOS_DEPLOYMENT_TARGET = 8.4;
				MTL_ENABLE_DEBUG_INFO = NO;
				SDKROOT = iphoneos;
				VALIDATE_PRODUCT = YES;
			};
			name = Release;
		};
		AF54BF141BA3479C002C8E2E /* Debug */ = {
			isa = XCBuildConfiguration;
			buildSettings = {
				ASSETCATALOG_COMPILER_APPICON_NAME = AppIcon;
				INFOPLIST_FILE = Counter/Info.plist;
				LD_RUNPATH_SEARCH_PATHS = "$(inherited) @executable_path/Frameworks";
				PRODUCT_NAME = "$(TARGET_NAME)";
			};
			name = Debug;
		};
		AF54BF151BA3479C002C8E2E /* Release */ = {
			isa = XCBuildConfiguration;
			buildSettings = {
				ASSETCATALOG_COMPILER_APPICON_NAME = AppIcon;
				INFOPLIST_FILE = Counter/Info.plist;
				LD_RUNPATH_SEARCH_PATHS = "$(inherited) @executable_path/Frameworks";
				PRODUCT_NAME = "$(TARGET_NAME)";
			};
			name = Release;
		};
		AF54BF171BA3479C002C8E2E /* Debug */ = {
			isa = XCBuildConfiguration;
			buildSettings = {
				BUNDLE_LOADER = "$(TEST_HOST)";
				FRAMEWORK_SEARCH_PATHS = (
					"$(SDKROOT)/Developer/Library/Frameworks",
					"$(inherited)",
				);
				GCC_PREPROCESSOR_DEFINITIONS = (
					"DEBUG=1",
					"$(inherited)",
				);
				INFOPLIST_FILE = CounterTests/Info.plist;
				LD_RUNPATH_SEARCH_PATHS = "$(inherited) @executable_path/Frameworks @loader_path/Frameworks";
				PRODUCT_NAME = "$(TARGET_NAME)";
				TEST_HOST = "$(BUILT_PRODUCTS_DIR)/Counter.app/Counter";
			};
			name = Debug;
		};
		AF54BF181BA3479C002C8E2E /* Release */ = {
			isa = XCBuildConfiguration;
			buildSettings = {
				BUNDLE_LOADER = "$(TEST_HOST)";
				FRAMEWORK_SEARCH_PATHS = (
					"$(SDKROOT)/Developer/Library/Frameworks",
					"$(inherited)",
				);
				INFOPLIST_FILE = CounterTests/Info.plist;
				LD_RUNPATH_SEARCH_PATHS = "$(inherited) @executable_path/Frameworks @loader_path/Frameworks";
				PRODUCT_NAME = "$(TARGET_NAME)";
				TEST_HOST = "$(BUILT_PRODUCTS_DIR)/Counter.app/Counter";
			};
			name = Release;
		};
/* End XCBuildConfiguration section */

/* Begin XCConfigurationList section */
		AF54BEEB1BA3479C002C8E2E /* Build configuration list for PBXProject "Counter" */ = {
			isa = XCConfigurationList;
			buildConfigurations = (
				AF54BF111BA3479C002C8E2E /* Debug */,
				AF54BF121BA3479C002C8E2E /* Release */,
			);
			defaultConfigurationIsVisible = 0;
			defaultConfigurationName = Release;
		};
		AF54BF131BA3479C002C8E2E /* Build configuration list for PBXNativeTarget "Counter" */ = {
			isa = XCConfigurationList;
			buildConfigurations = (
				AF54BF141BA3479C002C8E2E /* Debug */,
				AF54BF151BA3479C002C8E2E /* Release */,
			);
			defaultConfigurationIsVisible = 0;
		};
		AF54BF161BA3479C002C8E2E /* Build configuration list for PBXNativeTarget "CounterTests" */ = {
			isa = XCConfigurationList;
			buildConfigurations = (
				AF54BF171BA3479C002C8E2E /* Debug */,
				AF54BF181BA3479C002C8E2E /* Release */,
			);
			defaultConfigurationIsVisible = 0;
		};
/* End XCConfigurationList section */
	};
	rootObject = AF54BEE81BA3479C002C8E2E /* Project object */;
}
